{
  "originHash" : "0fe08384deb09b827fb0a946be692d4a109d982accd6026bfd50acc5279d510e",
  "pins" : [
    {
      "identity" : "designalgorithmskit",
      "kind" : "remoteSourceControl",
      "location" : "https://github.com/rickhohler/DesignAlgorithmsKit.git",
      "state" : {
        "revision" : "4cc8e1a4eac887d2fbfebc85e137b81c5997421a",
        "version" : "1.6.0"
      }
    },
    {
      "identity" : "yams",
      "kind" : "remoteSourceControl",
      "location" : "https://github.com/jpsim/Yams.git",
      "state" : {
        "revision" : "3d6871d5b4a5cd519adf233fbb576e0a2af71c17",
        "version" : "5.4.0"
      }
    }
  ],
  "version" : 3
}
